
Microsoft Visual Studio Solution File, Format Version 12.00
# Visual Studio Version 17
VisualStudioVersion = 17.13.35825.156 d17.13
MinimumVisualStudioVersion = 10.0.40219.1
Project("{FAE04EC0-301F-11D3-BF4B-00C04F79EFBC}") = "RestoranMVC", "RestoranMVC\RestoranMVC.csproj", "{A2D78658-B2F5-4E09-8D45-E87142229C69}"
EndProject
Global
	GlobalSection(SolutionConfigurationPlatforms) = preSolution
		Debug|Any CPU = Debug|Any CPU
		Release|Any CPU = Release|Any CPU
	EndGlobalSection
	GlobalSection(ProjectConfigurationPlatforms) = postSolution
		{A2D78658-B2F5-4E09-8D45-E87142229C69}.Debug|Any CPU.ActiveCfg = Debug|Any CPU
		{A2D78658-B2F5-4E09-8D45-E87142229C69}.Debug|Any CPU.Build.0 = Debug|Any CPU
		{A2D78658-B2F5-4E09-8D45-E87142229C69}.Release|Any CPU.ActiveCfg = Release|Any CPU
		{A2D78658-B2F5-4E09-8D45-E87142229C69}.Release|Any CPU.Build.0 = Release|Any CPU
	EndGlobalSection
	GlobalSection(SolutionProperties) = preSolution
		HideSolutionNode = FALSE
	EndGlobalSection
	GlobalSection(ExtensibilityGlobals) = postSolution
		SolutionGuid = {BBC7836F-9C1D-4405-8EBC-17D699DA86CA}
	EndGlobalSection
EndGlobal
